hash: 7e540a4cdca1d4ed750d55bd9ffff2df8734eebcb2d59c35748ec3157438487d
updated: 2018-04-26T18:08:27.353589674Z
imports:
- name: github.com/alexflint/go-arg
  version: 074ee5f759999d103724b5594e33901adeb28e73
- name: github.com/alexflint/go-scalar
  version: 45e5d6cd8605faef82fda2bacc59e734a0b6f1f0
- name: github.com/beorn7/perks
  version: 3a771d992973f24aa725d07868b467d1ddfceafb
  subpackages:
  - quantile
- name: github.com/docker/libnetwork
  version: 9605f3cf99559473dfa6261de058d155af8e1e32
  subpackages:
  - ipvs
- name: github.com/golang/protobuf
  version: e09c5db296004fbe3f74490e84dcd62c3c5ddb1b
  subpackages:
  - proto
- name: github.com/matttproud/golang_protobuf_extensions
  version: c12348ce28de40eed0136aa2b644d0ee0650e56c
  subpackages:
  - pbutil
- name: github.com/pkg/errors
  version: 645ef00459ed84a119197bfb8d8205042c6df63d
- name: github.com/prometheus/client_golang
  version: 82f5ff156b29e276022b1a958f7d385870fb9814
  subpackages:
  - prometheus
  - prometheus/promhttp
- name: github.com/prometheus/client_model
  version: 99fa1f4be8e564e8a6b613da7fa6f46c9edafc6c
  subpackages:
  - go
- name: github.com/prometheus/common
  version: d811d2e9bf898806ecfb6ef6296774b13ffc314c
  subpackages:
  - expfmt
  - internal/bitbucket.org/ww/goautoneg
  - model
- name: github.com/prometheus/procfs
  version: 8b1c2da0d56deffdbb9e48d4414b4e674bd8083e
  subpackages:
  - internal/util
  - nfs
  - xfs
- name: github.com/rs/zerolog
  version: 05eafee0eb17d0150591a8f30f0fa592cc9b7471
  subpackages:
  - internal/cbor
  - internal/json
- name: github.com/sirupsen/logrus
  version: 778f2e774c725116edbc3d039dc0dfc1cc62aae8
- name: github.com/vishvananda/netlink
  version: dc00cf9d5c07f9a1e0ccb307443b2194ca1aaacb
  subpackages:
  - nl
- name: github.com/vishvananda/netns
  version: be1fbeda19366dea804f00efff2dd73a1642fdcc
- name: golang.org/x/crypto
  version: dccd99e89d39b13e12f1103c72e3bc49eb40a833
  subpackages:
  - ssh/terminal
- name: golang.org/x/sys
  version: bb9c189858d91f42db229b04d45a4c3d23a7662a
  subpackages:
  - unix
  - windows
testImports:
- name: github.com/davecgh/go-spew
  version: 8991bc29aa16c548c550c7ff78260e27b9ab7c73
  subpackages:
  - spew
- name: github.com/pmezard/go-difflib
  version: 792786c7400a136282c1664665ae0a8db921c6c2
  subpackages:
  - difflib
- name: github.com/stretchr/testify
  version: f390dcf405f7b83c997eac1b06768bb9f44dec18
  subpackages:
  - assert
  - require
  - vendor/github.com/davecgh/go-spew/spew
  - vendor/github.com/pmezard/go-difflib/difflib
