hash: 7e540a4cdca1d4ed750d55bd9ffff2df8734eebcb2d59c35748ec3157438487d
updated: 2018-04-17T11:23:48.461825835Z
imports:
- name: github.com/alexflint/go-arg
  version: b1eda2c7b64c118d56472c1944054bf9235d6c48
- name: github.com/alexflint/go-scalar
  version: 45e5d6cd8605faef82fda2bacc59e734a0b6f1f0
- name: github.com/docker/libnetwork
  version: c15b372ef22125880d378167dde44f4b134e1a77
  subpackages:
  - ipvs
- name: github.com/pkg/errors
  version: 645ef00459ed84a119197bfb8d8205042c6df63d
- name: github.com/prometheus/client_golang
  version: 82f5ff156b29e276022b1a958f7d385870fb9814
  subpackages:
  - prometheus
  - prometheus/promhttp
- name: github.com/rs/zerolog
  version: 05eafee0eb17d0150591a8f30f0fa592cc9b7471
  subpackages:
  - internal/cbor
  - internal/json
testImports: []
